// !$*UTF8*$!
{
	archiveVersion = 1;
	classes = {
	};
	objectVersion = 46;
	objects = {

/* Begin PBXBuildFile section */
		B990C1581A61B4710037EA6F /* main.m in Sources */ = {isa = PBXBuildFile; fileRef = B990C1571A61B4710037EA6F /* main.m */; };
		B990C15B1A61B4710037EA6F /* AppDelegate.m in Sources */ = {isa = PBXBuildFile; fileRef = B990C15A1A61B4710037EA6F /* AppDelegate.m */; };
		B990C15E1A61B4710037EA6F /* RootViewController.m in Sources */ = {isa = PBXBuildFile; fileRef = B990C15D1A61B4710037EA6F /* RootViewController.m */; };
		B990C1611A61B4710037EA6F /* DataViewController.m in Sources */ = {isa = PBXBuildFile; fileRef = B990C1601A61B4710037EA6F /* DataViewController.m */; };
		B990C1641A61B4710037EA6F /* ModelController.m in Sources */ = {isa = PBXBuildFile; fileRef = B990C1631A61B4710037EA6F /* ModelController.m */; };
		B990C1671A61B4710037EA6F /* Main.storyboard in Resources */ = {isa = PBXBuildFile; fileRef = B990C1651A61B4710037EA6F /* Main.storyboard */; };
		B990C1691A61B4710037EA6F /* Images.xcassets in Resources */ = {isa = PBXBuildFile; fileRef = B990C1681A61B4710037EA6F /* Images.xcassets */; };
		B990C16C1A61B4710037EA6F /* LaunchScreen.xib in Resources */ = {isa = PBXBuildFile; fileRef = B990C16A1A61B4710037EA6F /* LaunchScreen.xib */; };
		B990C1781A61B4710037EA6F /* DentistTests.m in Sources */ = {isa = PBXBuildFile; fileRef = B990C1771A61B4710037EA6F /* DentistTests.m */; };
/* End PBXBuildFile section */

/* Begin PBXContainerItemProxy section */
		B990C1721A61B4710037EA6F /* PBXContainerItemProxy */ = {
			isa = PBXContainerItemProxy;
			containerPortal = B990C14A1A61B4710037EA6F /* Project object */;
			proxyType = 1;
			remoteGlobalIDString = B990C1511A61B4710037EA6F;
			remoteInfo = Dentist;
		};
/* End PBXContainerItemProxy section */

/* Begin PBXFileReference section */
		B990C1521A61B4710037EA6F /* Dentist.app */ = {isa = PBXFileReference; explicitFileType = wrapper.application; includeInIndex = 0; path = Dentist.app; sourceTree = BUILT_PRODUCTS_DIR; };
		B990C1561A61B4710037EA6F /* Info.plist */ = {isa = PBXFileReference; lastKnownFileType = text.plist.xml; path = Info.plist; sourceTree = "<group>"; };
		B990C1571A61B4710037EA6F /* main.m */ = {isa = PBXFileReference; lastKnownFileType = sourcecode.c.objc; path = main.m; sourceTree = "<group>"; };
		B990C1591A61B4710037EA6F /* AppDelegate.h */ = {isa = PBXFileReference; lastKnownFileType = sourcecode.c.h; path = AppDelegate.h; sourceTree = "<group>"; };
		B990C15A1A61B4710037EA6F /* AppDelegate.m */ = {isa = PBXFileReference; lastKnownFileType = sourcecode.c.objc; path = AppDelegate.m; sourceTree = "<group>"; };
		B990C15C1A61B4710037EA6F /* RootViewController.h */ = {isa = PBXFileReference; lastKnownFileType = sourcecode.c.h; path = RootViewController.h; sourceTree = "<group>"; };
		B990C15D1A61B4710037EA6F /* RootViewController.m */ = {isa = PBXFileReference; lastKnownFileType = sourcecode.c.objc; path = RootViewController.m; sourceTree = "<group>"; };
		B990C15F1A61B4710037EA6F /* DataViewController.h */ = {isa = PBXFileReference; lastKnownFileType = sourcecode.c.h; path = DataViewController.h; sourceTree = "<group>"; };
		B990C1601A61B4710037EA6F /* DataViewController.m */ = {isa = PBXFileReference; lastKnownFileType = sourcecode.c.objc; path = DataViewController.m; sourceTree = "<group>"; };
		B990C1621A61B4710037EA6F /* ModelController.h */ = {isa = PBXFileReference; lastKnownFileType = sourcecode.c.h; path = ModelController.h; sourceTree = "<group>"; };
		B990C1631A61B4710037EA6F /* ModelController.m */ = {isa = PBXFileReference; lastKnownFileType = sourcecode.c.objc; path = ModelController.m; sourceTree = "<group>"; };
		B990C1661A61B4710037EA6F /* Base */ = {isa = PBXFileReference; lastKnownFileType = file.storyboard; name = Base; path = Base.lproj/Main.storyboard; sourceTree = "<group>"; };
		B990C1681A61B4710037EA6F /* Images.xcassets */ = {isa = PBXFileReference; lastKnownFileType = folder.assetcatalog; path = Images.xcassets; sourceTree = "<group>"; };
		B990C16B1A61B4710037EA6F /* Base */ = {isa = PBXFileReference; lastKnownFileType = file.xib; name = Base; path = Base.lproj/LaunchScreen.xib; sourceTree = "<group>"; };
		B990C1711A61B4710037EA6F /* DentistTests.xctest */ = {isa = PBXFileReference; explicitFileType = wrapper.cfbundle; includeInIndex = 0; path = DentistTests.xctest; sourceTree = BUILT_PRODUCTS_DIR; };
		B990C1761A61B4710037EA6F /* Info.plist */ = {isa = PBXFileReference; lastKnownFileType = text.plist.xml; path = Info.plist; sourceTree = "<group>"; };
		B990C1771A61B4710037EA6F /* DentistTests.m */ = {isa = PBXFileReference; lastKnownFileType = sourcecode.c.objc; path = DentistTests.m; sourceTree = "<group>"; };
/* End PBXFileReference section */

/* Begin PBXFrameworksBuildPhase section */
		B990C14F1A61B4710037EA6F /* Frameworks */ = {
			isa = PBXFrameworksBuildPhase;
			buildActionMask = 2147483647;
			files = (
			);
			runOnlyForDeploymentPostprocessing = 0;
		};
		B990C16E1A61B4710037EA6F /* Frameworks */ = {
			isa = PBXFrameworksBuildPhase;
			buildActionMask = 2147483647;
			files = (
			);
			runOnlyForDeploymentPostprocessing = 0;
		};
/* End PBXFrameworksBuildPhase section */

/* Begin PBXGroup section */
		B990C1491A61B4710037EA6F = {
			isa = PBXGroup;
			children = (
				B990C1541A61B4710037EA6F /* Dentist */,
				B990C1741A61B4710037EA6F /* DentistTests */,
				B990C1531A61B4710037EA6F /* Products */,
			);
			sourceTree = "<group>";
		};
		B990C1531A61B4710037EA6F /* Products */ = {
			isa = PBXGroup;
			children = (
				B990C1521A61B4710037EA6F /* Dentist.app */,
				B990C1711A61B4710037EA6F /* DentistTests.xctest */,
			);
			name = Products;
			sourceTree = "<group>";
		};
		B990C1541A61B4710037EA6F /* Dentist */ = {
			isa = PBXGroup;
			children = (
				B990C1591A61B4710037EA6F /* AppDelegate.h */,
				B990C15A1A61B4710037EA6F /* AppDelegate.m */,
				B990C15C1A61B4710037EA6F /* RootViewController.h */,
				B990C15D1A61B4710037EA6F /* RootViewController.m */,
				B990C15F1A61B4710037EA6F /* DataViewController.h */,
				B990C1601A61B4710037EA6F /* DataViewController.m */,
				B990C1621A61B4710037EA6F /* ModelController.h */,
				B990C1631A61B4710037EA6F /* ModelController.m */,
				B990C1651A61B4710037EA6F /* Main.storyboard */,
				B990C1681A61B4710037EA6F /* Images.xcassets */,
				B990C16A1A61B4710037EA6F /* LaunchScreen.xib */,
				B990C1551A61B4710037EA6F /* Supporting Files */,
			);
			path = Dentist;
			sourceTree = "<group>";
		};
		B990C1551A61B4710037EA6F /* Supporting Files */ = {
			isa = PBXGroup;
			children = (
				B990C1561A61B4710037EA6F /* Info.plist */,
				B990C1571A61B4710037EA6F /* main.m */,
			);
			name = "Supporting Files";
			sourceTree = "<group>";
		};
		B990C1741A61B4710037EA6F /* DentistTests */ = {
			isa = PBXGroup;
			children = (
				B990C1771A61B4710037EA6F /* DentistTests.m */,
				B990C1751A61B4710037EA6F /* Supporting Files */,
			);
			path = DentistTests;
			sourceTree = "<group>";
		};
		B990C1751A61B4710037EA6F /* Supporting Files */ = {
			isa = PBXGroup;
			children = (
				B990C1761A61B4710037EA6F /* Info.plist */,
			);
			name = "Supporting Files";
			sourceTree = "<group>";
		};
/* End PBXGroup section */

/* Begin PBXNativeTarget section */
		B990C1511A61B4710037EA6F /* Dentist */ = {
			isa = PBXNativeTarget;
			buildConfigurationList = B990C17B1A61B4710037EA6F /* Build configuration list for PBXNativeTarget "Dentist" */;
			buildPhases = (
				B990C14E1A61B4710037EA6F /* Sources */,
				B990C14F1A61B4710037EA6F /* Frameworks */,
				B990C1501A61B4710037EA6F /* Resources */,
			);
			buildRules = (
			);
			dependencies = (
			);
			name = Dentist;
			productName = Dentist;
			productReference = B990C1521A61B4710037EA6F /* Dentist.app */;
			productType = "com.apple.product-type.application";
		};
		B990C1701A61B4710037EA6F /* DentistTests */ = {
			isa = PBXNativeTarget;
			buildConfigurationList = B990C17E1A61B4710037EA6F /* Build configuration list for PBXNativeTarget "DentistTests" */;
			buildPhases = (
				B990C16D1A61B4710037EA6F /* Sources */,
				B990C16E1A61B4710037EA6F /* Frameworks */,
				B990C16F1A61B4710037EA6F /* Resources */,
			);
			buildRules = (
			);
			dependencies = (
				B990C1731A61B4710037EA6F /* PBXTargetDependency */,
			);
			name = DentistTests;
			productName = DentistTests;
			productReference = B990C1711A61B4710037EA6F /* DentistTests.xctest */;
			productType = "com.apple.product-type.bundle.unit-test";
		};
/* End PBXNativeTarget section */

/* Begin PBXProject section */
		B990C14A1A61B4710037EA6F /* Project object */ = {
			isa = PBXProject;
			attributes = {
				LastUpgradeCheck = 0610;
				ORGANIZATIONNAME = JuanMorillios;
				TargetAttributes = {
					B990C1511A61B4710037EA6F = {
						CreatedOnToolsVersion = 6.1.1;
						DevelopmentTeam = 6ZJQ583HU9;
					};
					B990C1701A61B4710037EA6F = {
						CreatedOnToolsVersion = 6.1.1;
						TestTargetID = B990C1511A61B4710037EA6F;
					};
				};
			};
			buildConfigurationList = B990C14D1A61B4710037EA6F /* Build configuration list for PBXProject "Dentist" */;
			compatibilityVersion = "Xcode 3.2";
			developmentRegion = English;
			hasScannedForEncodings = 0;
			knownRegions = (
				en,
				Base,
			);
			mainGroup = B990C1491A61B4710037EA6F;
			productRefGroup = B990C1531A61B4710037EA6F /* Products */;
			projectDirPath = "";
			projectRoot = "";
			targets = (
				B990C1511A61B4710037EA6F /* Dentist */,
				B990C1701A61B4710037EA6F /* DentistTests */,
			);
		};
/* End PBXProject section */

/* Begin PBXResourcesBuildPhase section */
		B990C1501A61B4710037EA6F /* Resources */ = {
			isa = PBXResourcesBuildPhase;
			buildActionMask = 2147483647;
			files = (
				B990C1671A61B4710037EA6F /* Main.storyboard in Resources */,
				B990C16C1A61B4710037EA6F /* LaunchScreen.xib in Resources */,
				B990C1691A61B4710037EA6F /* Images.xcassets in Resources */,
			);
			runOnlyForDeploymentPostprocessing = 0;
		};
		B990C16F1A61B4710037EA6F /* Resources */ = {
			isa = PBXResourcesBuildPhase;
			buildActionMask = 2147483647;
			files = (
			);
			runOnlyForDeploymentPostprocessing = 0;
		};
/* End PBXResourcesBuildPhase section */

/* Begin PBXSourcesBuildPhase section */
		B990C14E1A61B4710037EA6F /* Sources */ = {
			isa = PBXSourcesBuildPhase;
			buildActionMask = 2147483647;
			files = (
				B990C1611A61B4710037EA6F /* DataViewController.m in Sources */,
				B990C15B1A61B4710037EA6F /* AppDelegate.m in Sources */,
				B990C1641A61B4710037EA6F /* ModelController.m in Sources */,
				B990C1581A61B4710037EA6F /* main.m in Sources */,
				B990C15E1A61B4710037EA6F /* RootViewController.m in Sources */,
			);
			runOnlyForDeploymentPostprocessing = 0;
		};
		B990C16D1A61B4710037EA6F /* Sources */ = {
			isa = PBXSourcesBuildPhase;
			buildActionMask = 2147483647;
			files = (
				B990C1781A61B4710037EA6F /* DentistTests.m in Sources */,
			);
			runOnlyForDeploymentPostprocessing = 0;
		};
/* End PBXSourcesBuildPhase section */

/* Begin PBXTargetDependency section */
		B990C1731A61B4710037EA6F /* PBXTargetDependency */ = {
			isa = PBXTargetDependency;
			target = B990C1511A61B4710037EA6F /* Dentist */;
			targetProxy = B990C1721A61B4710037EA6F /* PBXContainerItemProxy */;
		};
/* End PBXTargetDependency section */

/* Begin PBXVariantGroup section */
		B990C1651A61B4710037EA6F /* Main.storyboard */ = {
			isa = PBXVariantGroup;
			children = (
				B990C1661A61B4710037EA6F /* Base */,
			);
			name = Main.storyboard;
			sourceTree = "<group>";
		};
		B990C16A1A61B4710037EA6F /* LaunchScreen.xib */ = {
			isa = PBXVariantGroup;
			children = (
				B990C16B1A61B4710037EA6F /* Base */,
			);
			name = LaunchScreen.xib;
			sourceTree = "<group>";
		};
/* End PBXVariantGroup section */

/* Begin XCBuildConfiguration section */
		B990C1791A61B4710037EA6F /* Debug */ = {
			isa = XCBuildConfiguration;
			buildSettings = {
				ALWAYS_SEARCH_USER_PATHS = NO;
				CLANG_CXX_LANGUAGE_STANDARD = "gnu++0x";
				CLANG_CXX_LIBRARY = "libc++";
				CLANG_ENABLE_MODULES = YES;
				CLANG_ENABLE_OBJC_ARC = YES;
				CLANG_WARN_BOOL_CONVERSION = YES;
				CLANG_WARN_CONSTANT_CONVERSION = YES;
				CLANG_WARN_DIRECT_OBJC_ISA_USAGE = YES_ERROR;
				CLANG_WARN_EMPTY_BODY = YES;
				CLANG_WARN_ENUM_CONVERSION = YES;
				CLANG_WARN_INT_CONVERSION = YES;
				CLANG_WARN_OBJC_ROOT_CLASS = YES_ERROR;
				CLANG_WARN_UNREACHABLE_CODE = YES;
				CLANG_WARN__DUPLICATE_METHOD_MATCH = YES;
				"CODE_SIGN_IDENTITY[sdk=iphoneos*]" = "iPhone Developer";
				COPY_PHASE_STRIP = NO;
				ENABLE_STRICT_OBJC_MSGSEND = YES;
				GCC_C_LANGUAGE_STANDARD = gnu99;
				GCC_DYNAMIC_NO_PIC = NO;
				GCC_OPTIMIZATION_LEVEL = 0;
				GCC_PREPROCESSOR_DEFINITIONS = (
					"DEBUG=1",
					"$(inherited)",
				);
				GCC_SYMBOLS_PRIVATE_EXTERN = NO;
				GCC_WARN_64_TO_32_BIT_CONVERSION = YES;
				GCC_WARN_ABOUT_RETURN_TYPE = YES_ERROR;
				GCC_WARN_UNDECLARED_SELECTOR = YES;
				GCC_WARN_UNINITIALIZED_AUTOS = YES_AGGRESSIVE;
				GCC_WARN_UNUSED_FUNCTION = YES;
				GCC_WARN_UNUSED_VARIABLE = YES;
				IPHONEOS_DEPLOYMENT_TARGET = 8.1;
				MTL_ENABLE_DEBUG_INFO = YES;
				ONLY_ACTIVE_ARCH = YES;
				SDKROOT = iphoneos;
			};
			name = Debug;
		};
		B990C17A1A61B4710037EA6F /* Release */ = {
			isa = XCBuildConfiguration;
			buildSettings = {
				ALWAYS_SEARCH_USER_PATHS = NO;
				CLANG_CXX_LANGUAGE_STANDARD = "gnu++0x";
				CLANG_CXX_LIBRARY = "libc++";
				CLANG_ENABLE_MODULES = YES;
				CLANG_ENABLE_OBJC_ARC = YES;
				CLANG_WARN_BOOL_CONVERSION = YES;
				CLANG_WARN_CONSTANT_CONVERSION = YES;
				CLANG_WARN_DIRECT_OBJC_ISA_USAGE = YES_ERROR;
				CLANG_WARN_EMPTY_BODY = YES;
				CLANG_WARN_ENUM_CONVERSION = YES;
				CLANG_WARN_INT_CONVERSION = YES;
				CLANG_WARN_OBJC_ROOT_CLASS = YES_ERROR;
				CLANG_WARN_UNREACHABLE_CODE = YES;
				CLANG_WARN__DUPLICATE_METHOD_MATCH = YES;
				"CODE_SIGN_IDENTITY[sdk=iphoneos*]" = "iPhone Developer";
				COPY_PHASE_STRIP = YES;
				ENABLE_NS_ASSERTIONS = NO;
				ENABLE_STRICT_OBJC_MSGSEND = YES;
				GCC_C_LANGUAGE_STANDARD = gnu99;
				GCC_WARN_64_TO_32_BIT_CONVERSION = YES;
				GCC_WARN_ABOUT_RETURN_TYPE = YES_ERROR;
				GCC_WARN_UNDECLARED_SELECTOR = YES;
				GCC_WARN_UNINITIALIZED_AUTOS = YES_AGGRESSIVE;
				GCC_WARN_UNUSED_FUNCTION = YES;
				GCC_WARN_UNUSED_VARIABLE = YES;
				IPHONEOS_DEPLOYMENT_TARGET = 8.1;
				MTL_ENABLE_DEBUG_INFO = NO;
				SDKROOT = iphoneos;
				VALIDATE_PRODUCT = YES;
			};
			name = Release;
		};
		B990C17C1A61B4710037EA6F /* Debug */ = {
			isa = XCBuildConfiguration;
			buildSettings = {
				ASSETCATALOG_COMPILER_APPICON_NAME = AppIcon;
				CODE_SIGN_IDENTITY = "iPhone Developer";
				INFOPLIST_FILE = Dentist/Info.plist;
				LD_RUNPATH_SEARCH_PATHS = "$(inherited) @executable_path/Frameworks";
				PRODUCT_NAME = "$(TARGET_NAME)";
			};
			name = Debug;
		};
		B990C17D1A61B4710037EA6F /* Release */ = {
			isa = XCBuildConfiguration;
			buildSettings = {
				ASSETCATALOG_COMPILER_APPICON_NAME = AppIcon;
				CODE_SIGN_IDENTITY = "iPhone Developer";
				INFOPLIST_FILE = Dentist/Info.plist;
				LD_RUNPATH_SEARCH_PATHS = "$(inherited) @executable_path/Frameworks";
				PRODUCT_NAME = "$(TARGET_NAME)";
			};
			name = Release;
		};
		B990C17F1A61B4710037EA6F /* Debug */ = {
			isa = XCBuildConfiguration;
			buildSettings = {
				BUNDLE_LOADER = "$(TEST_HOST)";
				FRAMEWORK_SEARCH_PATHS = (
					"$(SDKROOT)/Developer/Library/Frameworks",
					"$(inherited)",
				);
				GCC_PREPROCESSOR_DEFINITIONS = (
					"DEBUG=1",
					"$(inherited)",
				);
				INFOPLIST_FILE = DentistTests/Info.plist;
				LD_RUNPATH_SEARCH_PATHS = "$(inherited) @executable_path/Frameworks @loader_path/Frameworks";
				PRODUCT_NAME = "$(TARGET_NAME)";
				TEST_HOST = "$(BUILT_PRODUCTS_DIR)/Dentist.app/Dentist";
			};
			name = Debug;
		};
		B990C1801A61B4710037EA6F /* Release */ = {
			isa = XCBuildConfiguration;
			buildSettings = {
				BUNDLE_LOADER = "$(TEST_HOST)";
				FRAMEWORK_SEARCH_PATHS = (
					"$(SDKROOT)/Developer/Library/Frameworks",
					"$(inherited)",
				);
				INFOPLIST_FILE = DentistTests/Info.plist;
				LD_RUNPATH_SEARCH_PATHS = "$(inherited) @executable_path/Frameworks @loader_path/Frameworks";
				PRODUCT_NAME = "$(TARGET_NAME)";
				TEST_HOST = "$(BUILT_PRODUCTS_DIR)/Dentist.app/Dentist";
			};
			name = Release;
		};
/* End XCBuildConfiguration section */

/* Begin XCConfigurationList section */
		B990C14D1A61B4710037EA6F /* Build configuration list for PBXProject "Dentist" */ = {
			isa = XCConfigurationList;
			buildConfigurations = (
				B990C1791A61B4710037EA6F /* Debug */,
				B990C17A1A61B4710037EA6F /* Release */,
			);
			defaultConfigurationIsVisible = 0;
			defaultConfigurationName = Release;
		};
		B990C17B1A61B4710037EA6F /* Build configuration list for PBXNativeTarget "Dentist" */ = {
			isa = XCConfigurationList;
			buildConfigurations = (
				B990C17C1A61B4710037EA6F /* Debug */,
				B990C17D1A61B4710037EA6F /* Release */,
			);
			defaultConfigurationIsVisible = 0;
		};
		B990C17E1A61B4710037EA6F /* Build configuration list for PBXNativeTarget "DentistTests" */ = {
			isa = XCConfigurationList;
			buildConfigurations = (
				B990C17F1A61B4710037EA6F /* Debug */,
				B990C1801A61B4710037EA6F /* Release */,
			);
			defaultConfigurationIsVisible = 0;
		};
/* End XCConfigurationList section */
	};
	rootObject = B990C14A1A61B4710037EA6F /* Project object */;
}
